
Microsoft Visual Studio Solution File, Format Version 12.00
# Visual Studio Version 16
VisualStudioVersion = 16.0.30621.155
MinimumVisualStudioVersion = 10.0.40219.1
Project("{9A19103F-16F7-4668-BE54-9A1E7A4F7556}") = "Limalima.Backend", "Limalima.Backend\Limalima.Backend.csproj", "{5EE5DECD-3F9D-4715-B086-7B6E64F9115D}"
EndProject
Project("{FAE04EC0-301F-11D3-BF4B-00C04F79EFBC}") = "Limalima.Backend.Tests", "Limalima.Backend.Tests\Limalima.Backend.Tests.csproj", "{DA298397-7EED-47A2-A7D1-168D1B3EBA27}"
EndProject
Global
	GlobalSection(SolutionConfigurationPlatforms) = preSolution
		Debug|Any CPU = Debug|Any CPU
		Release|Any CPU = Release|Any CPU
	EndGlobalSection
	GlobalSection(ProjectConfigurationPlatforms) = postSolution
		{5EE5DECD-3F9D-4715-B086-7B6E64F9115D}.Debug|Any CPU.ActiveCfg = Debug|Any CPU
		{5EE5DECD-3F9D-4715-B086-7B6E64F9115D}.Debug|Any CPU.Build.0 = Debug|Any CPU
		{5EE5DECD-3F9D-4715-B086-7B6E64F9115D}.Release|Any CPU.ActiveCfg = Release|Any CPU
		{5EE5DECD-3F9D-4715-B086-7B6E64F9115D}.Release|Any CPU.Build.0 = Release|Any CPU
		{DA298397-7EED-47A2-A7D1-168D1B3EBA27}.Debug|Any CPU.ActiveCfg = Debug|Any CPU
		{DA298397-7EED-47A2-A7D1-168D1B3EBA27}.Debug|Any CPU.Build.0 = Debug|Any CPU
		{DA298397-7EED-47A2-A7D1-168D1B3EBA27}.Release|Any CPU.ActiveCfg = Release|Any CPU
		{DA298397-7EED-47A2-A7D1-168D1B3EBA27}.Release|Any CPU.Build.0 = Release|Any CPU
	EndGlobalSection
	GlobalSection(SolutionProperties) = preSolution
		HideSolutionNode = FALSE
	EndGlobalSection
	GlobalSection(ExtensibilityGlobals) = postSolution
		SolutionGuid = {CDA0A896-B030-45F5-B8F6-A38F505252AE}
	EndGlobalSection
EndGlobal
